// !$*UTF8*$!
{
	archiveVersion = 1;
	classes = {
	};
	objectVersion = 50;
	objects = {

/* Begin PBXBuildFile section */
		847B6F122D78B17800454557 /* DonAppApp.swift in Sources */ = {isa = PBXBuildFile; fileRef = 847B6F112D78B17800454557 /* DonAppApp.swift */; };
		847B6F142D78B17800454557 /* ContentView.swift in Sources */ = {isa = PBXBuildFile; fileRef = 847B6F132D78B17800454557 /* ContentView.swift */; };
		847B6F162D78B17C00454557 /* Assets.xcassets in Resources */ = {isa = PBXBuildFile; fileRef = 847B6F152D78B17C00454557 /* Assets.xcassets */; };
		847B6F192D78B17C00454557 /* Preview Assets.xcassets in Resources */ = {isa = PBXBuildFile; fileRef = 847B6F182D78B17C00454557 /* Preview Assets.xcassets */; };
		847B6F262D78B3DB00454557 /* Cause.swift in Sources */ = {isa = PBXBuildFile; fileRef = 847B6F252D78B3DB00454557 /* Cause.swift */; };
/* End PBXBuildFile section */

/* Begin PBXFileReference section */
		847B6F0E2D78B17800454557 /* DonApp.app */ = {isa = PBXFileReference; explicitFileType = wrapper.application; includeInIndex = 0; path = DonApp.app; sourceTree = BUILT_PRODUCTS_DIR; };
		847B6F112D78B17800454557 /* DonAppApp.swift */ = {isa = PBXFileReference; lastKnownFileType = sourcecode.swift; path = DonAppApp.swift; sourceTree = "<group>"; };
		847B6F132D78B17800454557 /* ContentView.swift */ = {isa = PBXFileReference; lastKnownFileType = sourcecode.swift; path = ContentView.swift; sourceTree = "<group>"; };
		847B6F152D78B17C00454557 /* Assets.xcassets */ = {isa = PBXFileReference; lastKnownFileType = folder.assetcatalog; path = Assets.xcassets; sourceTree = "<group>"; };
		847B6F182D78B17C00454557 /* Preview Assets.xcassets */ = {isa = PBXFileReference; lastKnownFileType = folder.assetcatalog; path = "Preview Assets.xcassets"; sourceTree = "<group>"; };
		847B6F1A2D78B17C00454557 /* Info.plist */ = {isa = PBXFileReference; lastKnownFileType = text.plist.xml; path = Info.plist; sourceTree = "<group>"; };
		847B6F252D78B3DB00454557 /* Cause.swift */ = {isa = PBXFileReference; lastKnownFileType = sourcecode.swift; path = Cause.swift; sourceTree = "<group>"; };
/* End PBXFileReference section */

/* Begin PBXFrameworksBuildPhase section */
		847B6F0B2D78B17800454557 /* Frameworks */ = {
			isa = PBXFrameworksBuildPhase;
			buildActionMask = 2147483647;
			files = (
			);
			runOnlyForDeploymentPostprocessing = 0;
		};
/* End PBXFrameworksBuildPhase section */

/* Begin PBXGroup section */
		847B6F052D78B17800454557 = {
			isa = PBXGroup;
			children = (
				847B6F102D78B17800454557 /* DonApp */,
				847B6F0F2D78B17800454557 /* Products */,
			);
			sourceTree = "<group>";
		};
		847B6F0F2D78B17800454557 /* Products */ = {
			isa = PBXGroup;
			children = (
				847B6F0E2D78B17800454557 /* DonApp.app */,
			);
			name = Products;
			sourceTree = "<group>";
		};
		847B6F102D78B17800454557 /* DonApp */ = {
			isa = PBXGroup;
			children = (
				847B6F112D78B17800454557 /* DonAppApp.swift */,
				847B6F132D78B17800454557 /* ContentView.swift */,
				847B6F242D78B3B200454557 /* Models */,
				847B6F152D78B17C00454557 /* Assets.xcassets */,
				847B6F1A2D78B17C00454557 /* Info.plist */,
				847B6F172D78B17C00454557 /* Preview Content */,
			);
			path = DonApp;
			sourceTree = "<group>";
		};
		847B6F172D78B17C00454557 /* Preview Content */ = {
			isa = PBXGroup;
			children = (
				847B6F182D78B17C00454557 /* Preview Assets.xcassets */,
			);
			path = "Preview Content";
			sourceTree = "<group>";
		};
		847B6F242D78B3B200454557 /* Models */ = {
			isa = PBXGroup;
			children = (
				847B6F252D78B3DB00454557 /* Cause.swift */,
			);
			path = Models;
			sourceTree = "<group>";
		};
/* End PBXGroup section */

/* Begin PBXNativeTarget section */
		847B6F0D2D78B17800454557 /* DonApp */ = {
			isa = PBXNativeTarget;
			buildConfigurationList = 847B6F1D2D78B17C00454557 /* Build configuration list for PBXNativeTarget "DonApp" */;
			buildPhases = (
				847B6F0A2D78B17800454557 /* Sources */,
				847B6F0B2D78B17800454557 /* Frameworks */,
				847B6F0C2D78B17800454557 /* Resources */,
			);
			buildRules = (
			);
			dependencies = (
			);
			name = DonApp;
			productName = DonApp;
			productReference = 847B6F0E2D78B17800454557 /* DonApp.app */;
			productType = "com.apple.product-type.application";
		};
/* End PBXNativeTarget section */

/* Begin PBXProject section */
		847B6F062D78B17800454557 /* Project object */ = {
			isa = PBXProject;
			attributes = {
				LastSwiftUpdateCheck = 1240;
				LastUpgradeCheck = 1240;
				TargetAttributes = {
					847B6F0D2D78B17800454557 = {
						CreatedOnToolsVersion = 12.4;
					};
				};
			};
			buildConfigurationList = 847B6F092D78B17800454557 /* Build configuration list for PBXProject "DonApp" */;
			compatibilityVersion = "Xcode 9.3";
			developmentRegion = en;
			hasScannedForEncodings = 0;
			knownRegions = (
				en,
				Base,
			);
			mainGroup = 847B6F052D78B17800454557;
			productRefGroup = 847B6F0F2D78B17800454557 /* Products */;
			projectDirPath = "";
			projectRoot = "";
			targets = (
				847B6F0D2D78B17800454557 /* DonApp */,
			);
		};
/* End PBXProject section */

/* Begin PBXResourcesBuildPhase section */
		847B6F0C2D78B17800454557 /* Resources */ = {
			isa = PBXResourcesBuildPhase;
			buildActionMask = 2147483647;
			files = (
				847B6F192D78B17C00454557 /* Preview Assets.xcassets in Resources */,
				847B6F162D78B17C00454557 /* Assets.xcassets in Resources */,
			);
			runOnlyForDeploymentPostprocessing = 0;
		};
/* End PBXResourcesBuildPhase section */

/* Begin PBXSourcesBuildPhase section */
		847B6F0A2D78B17800454557 /* Sources */ = {
			isa = PBXSourcesBuildPhase;
			buildActionMask = 2147483647;
			files = (
				847B6F142D78B17800454557 /* ContentView.swift in Sources */,
				847B6F122D78B17800454557 /* DonAppApp.swift in Sources */,
				847B6F262D78B3DB00454557 /* Cause.swift in Sources */,
			);
			runOnlyForDeploymentPostprocessing = 0;
		};
/* End PBXSourcesBuildPhase section */

/* Begin XCBuildConfiguration section */
		847B6F1B2D78B17C00454557 /* Debug */ = {
			isa = XCBuildConfiguration;
			buildSettings = {
				ALWAYS_SEARCH_USER_PATHS = NO;
				CLANG_ANALYZER_NONNULL = YES;
				CLANG_ANALYZER_NUMBER_OBJECT_CONVERSION = YES_AGGRESSIVE;
				CLANG_CXX_LANGUAGE_STANDARD = "gnu++14";
				CLANG_CXX_LIBRARY = "libc++";
				CLANG_ENABLE_MODULES = YES;
				CLANG_ENABLE_OBJC_ARC = YES;
				CLANG_ENABLE_OBJC_WEAK = YES;
				CLANG_WARN_BLOCK_CAPTURE_AUTORELEASING = YES;
				CLANG_WARN_BOOL_CONVERSION = YES;
				CLANG_WARN_COMMA = YES;
				CLANG_WARN_CONSTANT_CONVERSION = YES;
				CLANG_WARN_DEPRECATED_OBJC_IMPLEMENTATIONS = YES;
				CLANG_WARN_DIRECT_OBJC_ISA_USAGE = YES_ERROR;
				CLANG_WARN_DOCUMENTATION_COMMENTS = YES;
				CLANG_WARN_EMPTY_BODY = YES;
				CLANG_WARN_ENUM_CONVERSION = YES;
				CLANG_WARN_INFINITE_RECURSION = YES;
				CLANG_WARN_INT_CONVERSION = YES;
				CLANG_WARN_NON_LITERAL_NULL_CONVERSION = YES;
				CLANG_WARN_OBJC_IMPLICIT_RETAIN_SELF = YES;
				CLANG_WARN_OBJC_LITERAL_CONVERSION = YES;
				CLANG_WARN_OBJC_ROOT_CLASS = YES_ERROR;
				CLANG_WARN_QUOTED_INCLUDE_IN_FRAMEWORK_HEADER = YES;
				CLANG_WARN_RANGE_LOOP_ANALYSIS = YES;
				CLANG_WARN_STRICT_PROTOTYPES = YES;
				CLANG_WARN_SUSPICIOUS_MOVE = YES;
				CLANG_WARN_UNGUARDED_AVAILABILITY = YES_AGGRESSIVE;
				CLANG_WARN_UNREACHABLE_CODE = YES;
				CLANG_WARN__DUPLICATE_METHOD_MATCH = YES;
				COPY_PHASE_STRIP = NO;
				DEBUG_INFORMATION_FORMAT = dwarf;
				ENABLE_STRICT_OBJC_MSGSEND = YES;
				ENABLE_TESTABILITY = YES;
				GCC_C_LANGUAGE_STANDARD = gnu11;
				GCC_DYNAMIC_NO_PIC = NO;
				GCC_NO_COMMON_BLOCKS = YES;
				GCC_OPTIMIZATION_LEVEL = 0;
				GCC_PREPROCESSOR_DEFINITIONS = (
					"DEBUG=1",
					"$(inherited)",
				);
				GCC_WARN_64_TO_32_BIT_CONVERSION = YES;
				GCC_WARN_ABOUT_RETURN_TYPE = YES_ERROR;
				GCC_WARN_UNDECLARED_SELECTOR = YES;
				GCC_WARN_UNINITIALIZED_AUTOS = YES_AGGRESSIVE;
				GCC_WARN_UNUSED_FUNCTION = YES;
				GCC_WARN_UNUSED_VARIABLE = YES;
				IPHONEOS_DEPLOYMENT_TARGET = 14.4;
				MTL_ENABLE_DEBUG_INFO = INCLUDE_SOURCE;
				MTL_FAST_MATH = YES;
				ONLY_ACTIVE_ARCH = YES;
				SDKROOT = iphoneos;
				SWIFT_ACTIVE_COMPILATION_CONDITIONS = DEBUG;
				SWIFT_OPTIMIZATION_LEVEL = "-Onone";
			};
			name = Debug;
		};
		847B6F1C2D78B17C00454557 /* Release */ = {
			isa = XCBuildConfiguration;
			buildSettings = {
				ALWAYS_SEARCH_USER_PATHS = NO;
				CLANG_ANALYZER_NONNULL = YES;
				CLANG_ANALYZER_NUMBER_OBJECT_CONVERSION = YES_AGGRESSIVE;
				CLANG_CXX_LANGUAGE_STANDARD = "gnu++14";
				CLANG_CXX_LIBRARY = "libc++";
				CLANG_ENABLE_MODULES = YES;
				CLANG_ENABLE_OBJC_ARC = YES;
				CLANG_ENABLE_OBJC_WEAK = YES;
				CLANG_WARN_BLOCK_CAPTURE_AUTORELEASING = YES;
				CLANG_WARN_BOOL_CONVERSION = YES;
				CLANG_WARN_COMMA = YES;
				CLANG_WARN_CONSTANT_CONVERSION = YES;
				CLANG_WARN_DEPRECATED_OBJC_IMPLEMENTATIONS = YES;
				CLANG_WARN_DIRECT_OBJC_ISA_USAGE = YES_ERROR;
				CLANG_WARN_DOCUMENTATION_COMMENTS = YES;
				CLANG_WARN_EMPTY_BODY = YES;
				CLANG_WARN_ENUM_CONVERSION = YES;
				CLANG_WARN_INFINITE_RECURSION = YES;
				CLANG_WARN_INT_CONVERSION = YES;
				CLANG_WARN_NON_LITERAL_NULL_CONVERSION = YES;
				CLANG_WARN_OBJC_IMPLICIT_RETAIN_SELF = YES;
				CLANG_WARN_OBJC_LITERAL_CONVERSION = YES;
				CLANG_WARN_OBJC_ROOT_CLASS = YES_ERROR;
				CLANG_WARN_QUOTED_INCLUDE_IN_FRAMEWORK_HEADER = YES;
				CLANG_WARN_RANGE_LOOP_ANALYSIS = YES;
				CLANG_WARN_STRICT_PROTOTYPES = YES;
				CLANG_WARN_SUSPICIOUS_MOVE = YES;
				CLANG_WARN_UNGUARDED_AVAILABILITY = YES_AGGRESSIVE;
				CLANG_WARN_UNREACHABLE_CODE = YES;
				CLANG_WARN__DUPLICATE_METHOD_MATCH = YES;
				COPY_PHASE_STRIP = NO;
				DEBUG_INFORMATION_FORMAT = "dwarf-with-dsym";
				ENABLE_NS_ASSERTIONS = NO;
				ENABLE_STRICT_OBJC_MSGSEND = YES;
				GCC_C_LANGUAGE_STANDARD = gnu11;
				GCC_NO_COMMON_BLOCKS = YES;
				GCC_WARN_64_TO_32_BIT_CONVERSION = YES;
				GCC_WARN_ABOUT_RETURN_TYPE = YES_ERROR;
				GCC_WARN_UNDECLARED_SELECTOR = YES;
				GCC_WARN_UNINITIALIZED_AUTOS = YES_AGGRESSIVE;
				GCC_WARN_UNUSED_FUNCTION = YES;
				GCC_WARN_UNUSED_VARIABLE = YES;
				IPHONEOS_DEPLOYMENT_TARGET = 14.4;
				MTL_ENABLE_DEBUG_INFO = NO;
				MTL_FAST_MATH = YES;
				SDKROOT = iphoneos;
				SWIFT_COMPILATION_MODE = wholemodule;
				SWIFT_OPTIMIZATION_LEVEL = "-O";
				VALIDATE_PRODUCT = YES;
			};
			name = Release;
		};
		847B6F1E2D78B17C00454557 /* Debug */ = {
			isa = XCBuildConfiguration;
			buildSettings = {
				ASSETCATALOG_COMPILER_APPICON_NAME = AppIcon;
				ASSETCATALOG_COMPILER_GLOBAL_ACCENT_COLOR_NAME = AccentColor;
				CODE_SIGN_STYLE = Automatic;
				DEVELOPMENT_ASSET_PATHS = "\"DonApp/Preview Content\"";
				DEVELOPMENT_TEAM = A33YTXXVWU;
				ENABLE_PREVIEWS = YES;
				INFOPLIST_FILE = DonApp/Info.plist;
				IPHONEOS_DEPLOYMENT_TARGET = 14.0;
				LD_RUNPATH_SEARCH_PATHS = (
					"$(inherited)",
					"@executable_path/Frameworks",
				);
				PRODUCT_BUNDLE_IDENTIFIER = com.devsk8.DonApp;
				PRODUCT_NAME = "$(TARGET_NAME)";
				SWIFT_VERSION = 5.0;
				TARGETED_DEVICE_FAMILY = "1,2";
			};
			name = Debug;
		};
		847B6F1F2D78B17C00454557 /* Release */ = {
			isa = XCBuildConfiguration;
			buildSettings = {
				ASSETCATALOG_COMPILER_APPICON_NAME = AppIcon;
				ASSETCATALOG_COMPILER_GLOBAL_ACCENT_COLOR_NAME = AccentColor;
				CODE_SIGN_STYLE = Automatic;
				DEVELOPMENT_ASSET_PATHS = "\"DonApp/Preview Content\"";
				DEVELOPMENT_TEAM = A33YTXXVWU;
				ENABLE_PREVIEWS = YES;
				INFOPLIST_FILE = DonApp/Info.plist;
				IPHONEOS_DEPLOYMENT_TARGET = 14.0;
				LD_RUNPATH_SEARCH_PATHS = (
					"$(inherited)",
					"@executable_path/Frameworks",
				);
				PRODUCT_BUNDLE_IDENTIFIER = com.devsk8.DonApp;
				PRODUCT_NAME = "$(TARGET_NAME)";
				SWIFT_VERSION = 5.0;
				TARGETED_DEVICE_FAMILY = "1,2";
			};
			name = Release;
		};
/* End XCBuildConfiguration section */

/* Begin XCConfigurationList section */
		847B6F092D78B17800454557 /* Build configuration list for PBXProject "DonApp" */ = {
			isa = XCConfigurationList;
			buildConfigurations = (
				847B6F1B2D78B17C00454557 /* Debug */,
				847B6F1C2D78B17C00454557 /* Release */,
			);
			defaultConfigurationIsVisible = 0;
			defaultConfigurationName = Release;
		};
		847B6F1D2D78B17C00454557 /* Build configuration list for PBXNativeTarget "DonApp" */ = {
			isa = XCConfigurationList;
			buildConfigurations = (
				847B6F1E2D78B17C00454557 /* Debug */,
				847B6F1F2D78B17C00454557 /* Release */,
			);
			defaultConfigurationIsVisible = 0;
			defaultConfigurationName = Release;
		};
/* End XCConfigurationList section */
	};
	rootObject = 847B6F062D78B17800454557 /* Project object */;
}
